
Microsoft Visual Studio Solution File, Format Version 12.00
# Visual Studio Version 17
VisualStudioVersion = 17.7.34202.233
MinimumVisualStudioVersion = 10.0.40219.1
Project("{FAE04EC0-301F-11D3-BF4B-00C04F79EFBC}") = "GraphListDFT", "GraphListDFT\GraphListDFT.csproj", "{601358EB-2006-41CF-9EB1-3D09B6E593D2}"
EndProject
Global
	GlobalSection(SolutionConfigurationPlatforms) = preSolution
		Debug|Any CPU = Debug|Any CPU
		Release|Any CPU = Release|Any CPU
	EndGlobalSection
	GlobalSection(ProjectConfigurationPlatforms) = postSolution
		{601358EB-2006-41CF-9EB1-3D09B6E593D2}.Debug|Any CPU.ActiveCfg = Debug|Any CPU
		{601358EB-2006-41CF-9EB1-3D09B6E593D2}.Debug|Any CPU.Build.0 = Debug|Any CPU
		{601358EB-2006-41CF-9EB1-3D09B6E593D2}.Release|Any CPU.ActiveCfg = Release|Any CPU
		{601358EB-2006-41CF-9EB1-3D09B6E593D2}.Release|Any CPU.Build.0 = Release|Any CPU
	EndGlobalSection
	GlobalSection(SolutionProperties) = preSolution
		HideSolutionNode = FALSE
	EndGlobalSection
	GlobalSection(ExtensibilityGlobals) = postSolution
		SolutionGuid = {A18EDE7E-8A60-44FA-93BF-0A927F5B9760}
	EndGlobalSection
EndGlobal
